
Microsoft Visual Studio Solution File, Format Version 12.00
# Visual Studio Version 16
VisualStudioVersion = 16.0.31829.152
MinimumVisualStudioVersion = 10.0.40219.1
Project("{FAE04EC0-301F-11D3-BF4B-00C04F79EFBC}") = "GeniusMapViewer", "GeniusMapViewer.csproj", "{7915F3E6-C99E-440D-B287-D1003220D43A}"
EndProject
Global
	GlobalSection(SolutionConfigurationPlatforms) = preSolution
		Debug|Any CPU = Debug|Any CPU
		Release|Any CPU = Release|Any CPU
	EndGlobalSection
	GlobalSection(ProjectConfigurationPlatforms) = postSolution
		{7915F3E6-C99E-440D-B287-D1003220D43A}.Debug|Any CPU.ActiveCfg = Debug|Any CPU
		{7915F3E6-C99E-440D-B287-D1003220D43A}.Debug|Any CPU.Build.0 = Debug|Any CPU
		{7915F3E6-C99E-440D-B287-D1003220D43A}.Release|Any CPU.ActiveCfg = Release|Any CPU
		{7915F3E6-C99E-440D-B287-D1003220D43A}.Release|Any CPU.Build.0 = Release|Any CPU
	EndGlobalSection
	GlobalSection(SolutionProperties) = preSolution
		HideSolutionNode = FALSE
	EndGlobalSection
	GlobalSection(ExtensibilityGlobals) = postSolution
		SolutionGuid = {141286E3-24B3-4C53-8C46-FE431A1290FD}
	EndGlobalSection
EndGlobal
